# This file is automatically @generated by Cargo.
# It is not intended for manual editing.
version = 3

[[package]]
name = "my-oort-ship"
version = "0.1.0"
dependencies = [
 "oort_api",
]

[[package]]
name = "oorandom"
version = "11.1.3"
source = "registry+https://github.com/rust-lang/crates.io-index"
checksum = "0ab1bc2a289d34bd04a330323ac98a1b4bc82c9d9fcb1e66b63caa84da26b575"

[[package]]
name = "oort_api"
version = "0.57.1"
source = "registry+https://github.com/rust-lang/crates.io-index"
checksum = "50e46ebf9ee73fcd26ec9af3fbff7e85567fd0ef45d4a699e1979c9da911ca47"
dependencies = [
 "oorandom",
]
